{
  "version": "2",
  "remote": {
    "https://deno.land/std@0.160.0/encoding/hex.ts": "4cc5324417cbb4ac9b828453d35aed45b9cc29506fad658f1f138d981ae33795",
    "https://deno.land/std@0.160.0/hash/_sha3/keccak.ts": "e9abd585bddf5fe7a56bccd768868dbc0a8572ea1d61f3261df02f62bdeab5e0",
    "https://deno.land/std@0.160.0/hash/_sha3/keccakf.ts": "04543f64e390561aecbc4ff4c6769d900d6ee917bcaa97c8587307742bb62546",
    "https://deno.land/std@0.160.0/hash/_sha3/sha3.ts": "3cec1b78b0fe39838c734045d1b95201273dca31c716a6576d264d1a0811ab9f",
    "https://deno.land/std@0.160.0/hash/_sha3/shake.ts": "6dec46784ee3e74192eb1b9a4204a7bd4fd915241ac1f195a85a9a338de33bc9",
    "https://deno.land/std@0.160.0/hash/_sha3/sponge.ts": "bcc2a2406fcdb31ce32e6ef7b2182d12df6929ea81cff2fb88fde0d1fe9a13e1",
    "https://deno.land/std@0.160.0/hash/sha256.ts": "aa9479c260f41b72c639f36c3e4bc9319940b5d2e52fe793ebe3dc646d12832f",
    "https://deno.land/std@0.160.0/hash/sha3.ts": "96c39329425d11f419004e15fbb0ad5bcb72dba986b81fc2338cf119f242193d",
    "https://deno.land/std@0.196.0/assert/assert.ts": "9a97dad6d98c238938e7540736b826440ad8c1c1e54430ca4c4e623e585607ee",
    "https://deno.land/std@0.196.0/assert/assertion_error.ts": "4d0bde9b374dfbcbe8ac23f54f567b77024fb67dbb1906a852d67fe050d42f56",
    "https://deno.land/std@0.196.0/async/abortable.ts": "fd682fa46f3b7b16b4606a5ab52a7ce309434b76f820d3221bdfb862719a15d7",
    "https://deno.land/std@0.196.0/async/deadline.ts": "58f72a3cc0fcb731b2cc055ba046f4b5be3349ff6bf98f2e793c3b969354aab2",
    "https://deno.land/std@0.196.0/async/debounce.ts": "adab11d04ca38d699444ac8a9d9856b4155e8dda2afd07ce78276c01ea5a4332",
    "https://deno.land/std@0.196.0/async/deferred.ts": "42790112f36a75a57db4a96d33974a936deb7b04d25c6084a9fa8a49f135def8",
    "https://deno.land/std@0.196.0/async/delay.ts": "a6142eb44cdd856b645086af2b811b1fcce08ec06bb7d50969e6a872ee9b8659",
    "https://deno.land/std@0.196.0/async/mod.ts": "f04344fa21738e5ad6bea37a6bfffd57c617c2d372bb9f9dcfd118a1b622e576",
    "https://deno.land/std@0.196.0/async/mux_async_iterator.ts": "70c7f2ee4e9466161350473ad61cac0b9f115cff4c552eaa7ef9d50c4cbb4cc9",
    "https://deno.land/std@0.196.0/async/pool.ts": "f1b8d3df4d7fd3c73f8cbc91cc2e8b8e950910f1eab94230b443944d7584c657",
    "https://deno.land/std@0.196.0/async/retry.ts": "296fb9c323e1325a69bee14ba947e7da7409a8dd9dd646d70cb51ea0d301f24e",
    "https://deno.land/std@0.196.0/async/tee.ts": "47e42d35f622650b02234d43803d0383a89eb4387e1b83b5a40106d18ae36757",
    "https://deno.land/std@0.196.0/http/server.ts": "3cd5a8acc31d3259813ddcfa7dd2fe066952db6763fc7a58b9a026d4b5af9559",
    "https://deno.land/x/secp256k1@2.0.0/index.ts": "0836620e2b8cda7fd3a229cb4df0eebde1d8a65e4fd722680cb1c63433698ff1",
    "https://esm.sh/chroma-js@2.4.0?target=esnext&pin=v130": "34fa9812652eb05e6fa6d52ebb79869b70732123adb242e05abe63510f2748df",
    "https://esm.sh/fp-ts@2.16.0?target=esnext&pin=v129": "11e848f0f7214e05e76cf0b99a444238c5add01c853c88d0db0dd174874e3ca2",
    "https://esm.sh/fp-ts@2.16.0?target=esnext&pin=v130": "1f1e7a369a146530661368d3114e8d68d463cfe5a70b0ba38b779433c3b8cd1d",
    "https://esm.sh/glicko2-lite@3.2.0?target=esnext&pin=v129": "934c44bc5035a6eb32bcbb75b71fd02ab57e5302c7bf1c518034787bf199689d",
    "https://esm.sh/glicko2-lite@3.2.0?target=esnext&pin=v130": "ad94b0f2371c6f399808db8daf1a52896a77aabdeed554b459ff895671de3da0",
    "https://esm.sh/honeycomb-grid@4.1.4?target=esnext&pin=v129": "8cd836baf9e169b0f3733b5ffac41652014b429a58c48e347ab05f439f36f1cf",
    "https://esm.sh/honeycomb-grid@4.1.4?target=esnext&pin=v130": "9b9fa14ed8d159f4208b63db69a6d99b4f5f8c8696569440409e603a6bde0ab2",
    "https://esm.sh/io-ts@2.2.20?target=esnext&pin=v129": "ec4d8d6e9a59d217ef7000cc63a9cc4137e315e1f3856d6a378e33c59bea3c32",
    "https://esm.sh/io-ts@2.2.20?target=esnext&pin=v130": "4e2968058bf952ea0d482aeb9e70e895dc7cec9c1c4a3a74ac009e0c13a28901",
    "https://esm.sh/react-dom@18.2.0?target=esnext&pin=v130": "35a731c2aa503d6f97b1b716fb953bac4d3555be7df3ae1464d79f730259bbd5",
    "https://esm.sh/react-router-dom@6.14.2?target=esnext&pin=v130": "c2163ac2162cbd515776858659f98b55624460bba6784517d26c6624853a941a",
    "https://esm.sh/react@18.2.0?target=esnext&pin=v130": "f082d59fe37237a03121ed55571caf350ddae35016da28de46e5c188af95de4a",
    "https://esm.sh/semantic-ui-react@v3.0.0-beta.0?target=esnext&pin=v130": "53a24fc9414b6edb108afc86e98103faa8a290ecf569f3798e0663af51f04255",
    "https://esm.sh/stable/react@18.2.0/esnext/react.mjs": "8477d1f643b153873958c52c85d876aa1cf000f17f8557bbce65e5a9ae21263a",
    "https://esm.sh/v129/fp-ts@2.16.0/denonext/lib/HKT.js": "b5ce640c5a944cd955c49fa62905127e905b4407b17285519c2e00b3b55c87fc",
    "https://esm.sh/v129/fp-ts@2.16.0/esnext/es6/Either.js": "8478a750f2ba0dec708f1a1dfc3fa7a8e1680f9b7104816d150af85ea374b2cf",
    "https://esm.sh/v129/fp-ts@2.16.0/esnext/fp-ts.mjs": "66ce44988f7a6f51426fb74d5cbce67fb9fadb526291bdbdac05d39e844594c3",
    "https://esm.sh/v129/fp-ts@2.16.0/lib/HKT": "6dd09cc193bad58eff407f2a74c84528eb083d9c58945d90d690b97f0849784c",
    "https://esm.sh/v129/glicko2-lite@3.2.0/esnext/glicko2-lite.mjs": "d9234a3110f936c969f48d22960d24c80f36db48977ac48be289e1e99171adaf",
    "https://esm.sh/v129/honeycomb-grid@4.1.4/esnext/honeycomb-grid.mjs": "cfbdaa8fbd518b0c2b994f4689bea880f286926b41f0a8d5931a49819a2ce5f4",
    "https://esm.sh/v129/io-ts@2.2.20/esnext/io-ts.mjs": "3dc3145f4a1ca25ba7341c162a681b6b9f4d5265205439f2ba7bc4203f72d6ae",
    "https://esm.sh/v130/@babel/runtime@7.22.6/esnext/helpers/esm/assertThisInitialized.js": "324370a83866d645d639fb6c3388592722c463efdd025e138f2906f72d9e670e",
    "https://esm.sh/v130/@babel/runtime@7.22.6/esnext/helpers/esm/createClass.js": "5abd0d7ef14d0a6f2159d8de32d601531da3d786ef1985c2cd1d428b093371a8",
    "https://esm.sh/v130/@babel/runtime@7.22.6/esnext/helpers/esm/extends.js": "7864572aaa237602678107ef4b71d48df2650ed5d25726b55c46b99cb8fd2213",
    "https://esm.sh/v130/@babel/runtime@7.22.6/esnext/helpers/esm/inheritsLoose.js": "ffeae9aa8537ccf11bd0374c3fd9e18ee379d1543a47772c0a42d0777bc02ebc",
    "https://esm.sh/v130/@babel/runtime@7.22.6/esnext/helpers/esm/objectWithoutPropertiesLoose.js": "e5af3c38df68e7ffc05305459940b03d195d0fc308e1c5ee8e58719a99a19078",
    "https://esm.sh/v130/@fluentui/react-component-event-listener@0.63.1/esnext/react-component-event-listener.mjs": "e67df67dae94bae460cd3363344a1f0db50c147f79fe899a92047145cbd2d023",
    "https://esm.sh/v130/@popperjs/core@2.11.8/esnext/core.mjs": "6a1ebb556d01be58023184ae094e0a0213c5b9985c55e31852eb7848855f55d7",
    "https://esm.sh/v130/@remix-run/router@1.7.2/esnext/router.mjs": "d7f5e76e241cf66214f3490bde70e85ecc8376536fcb301ab72a0e9c576c5d01",
    "https://esm.sh/v130/@semantic-ui-react/event-stack@3.1.3/esnext/event-stack.mjs": "fffbecb56323513d23d10b122baa9b4ea7640202a4aba01674cf3b605d379b03",
    "https://esm.sh/v130/chroma-js@2.4.0/esnext/chroma-js.mjs": "6ffb5f51021c9f62a701ae70948446f8a59cfcd3e880a590813a8740c35801eb",
    "https://esm.sh/v130/clsx@1.2.1/esnext/clsx.mjs": "872816d83d364eb24b9d0d8b718793d3550e8d1053141cdac4fd3bb11c278ac1",
    "https://esm.sh/v130/exenv@1.2.2/esnext/exenv.mjs": "3cea6be724c374074ad8929128a25a7d0fa364e6aab809c2ce7b776d2ded342e",
    "https://esm.sh/v130/fp-ts@2.16.0/denonext/lib/HKT.js": "b5ce640c5a944cd955c49fa62905127e905b4407b17285519c2e00b3b55c87fc",
    "https://esm.sh/v130/fp-ts@2.16.0/esnext/fp-ts.mjs": "66ce44988f7a6f51426fb74d5cbce67fb9fadb526291bdbdac05d39e844594c3",
    "https://esm.sh/v130/fp-ts@2.16.0/lib/HKT": "a49b0ebd3acfedc2a43dc414a57c06435e69a78d1b7ff2d8a36ebb20deac6358",
    "https://esm.sh/v130/fp-ts@2.16.1/denonext/lib/HKT.js": "f9dc69e5f8d4129dbdf7227aa627fd2b20de7dc4bdc680bf89b2978685f442b9",
    "https://esm.sh/v130/fp-ts@2.16.1/esnext/es6/Either.js": "71fdb8608fd2698a1a0f21d84bbb3098e990fb7e31dbbbe96c5852d928d73096",
    "https://esm.sh/v130/fp-ts@2.16.1/lib/HKT": "68231c30e094d32ee8495fae04ac9e9463aafd796487debe1550bae9a471c7ad",
    "https://esm.sh/v130/glicko2-lite@3.2.0/esnext/glicko2-lite.mjs": "d9234a3110f936c969f48d22960d24c80f36db48977ac48be289e1e99171adaf",
    "https://esm.sh/v130/honeycomb-grid@4.1.4/esnext/honeycomb-grid.mjs": "cfbdaa8fbd518b0c2b994f4689bea880f286926b41f0a8d5931a49819a2ce5f4",
    "https://esm.sh/v130/io-ts@2.2.20/esnext/io-ts.mjs": "547212771684b1524d270e84a1102e15482b0af675fa924d1b0fd1438f362e3c",
    "https://esm.sh/v130/keyboard-key@1.1.0/esnext/keyboard-key.mjs": "ee24f0b498b0e6b5d0e41752d5baad57f8067193a02064da0db48d98cec3f838",
    "https://esm.sh/v130/lodash-es@4.17.21/esnext/clamp.js": "78ccab6f4c51d2b7f178fce39bda295cedb62f79c96fb8f914fe3dacab030c61",
    "https://esm.sh/v130/lodash-es@4.17.21/esnext/compact.js": "782a56ccf69a3f9f32360abf533cb087f8385b71ddb93f7c3f9760b795ffda52",
    "https://esm.sh/v130/lodash-es@4.17.21/esnext/deburr.js": "b68a9d2d9728d54e6143d53f38ecca6794ac88a84063fc69c8be68edf2986ae7",
    "https://esm.sh/v130/lodash-es@4.17.21/esnext/difference.js": "b2679d926ce32d7a2df6aaa712819c57c71630b9989d64673df5d0f860d291f7",
    "https://esm.sh/v130/lodash-es@4.17.21/esnext/dropRight.js": "77bc8576d1c1f509e08245ddd89cdd08652d3f28d9cb24216851138ac9bd6678",
    "https://esm.sh/v130/lodash-es@4.17.21/esnext/each.js": "97f8f4c3d99eb917e41cddc66a142189f0392c91d04a219f67f74f49417acde8",
    "https://esm.sh/v130/lodash-es@4.17.21/esnext/escapeRegExp.js": "6e46103fb50a2650bc1b14c55703fbf3fd910ac65f5ebc7f31e9a53b0c071da3",
    "https://esm.sh/v130/lodash-es@4.17.21/esnext/every.js": "abfce66dfabc0d759c1bd84224b4a0012be4fa415bedf0901d4ddad372194c69",
    "https://esm.sh/v130/lodash-es@4.17.21/esnext/filter.js": "240adc6716354fbe5ecddeb0a79909f20f2798d0257f281ddeb220e2d3a52784",
    "https://esm.sh/v130/lodash-es@4.17.21/esnext/find.js": "899df180120b1c06579140f67965b62865ee11414dead4f13e996730c81e6404",
    "https://esm.sh/v130/lodash-es@4.17.21/esnext/findIndex.js": "d84d4f2b96e9253144bd693c9212959e5c5f2b7ec3315ff5919d785d6353b8fa",
    "https://esm.sh/v130/lodash-es@4.17.21/esnext/first.js": "4a85c9e2fb99b77254b49942dc5b8563b3fc054aea91d7123a697a18b6409b43",
    "https://esm.sh/v130/lodash-es@4.17.21/esnext/forEach.js": "8ac56e23bc81d6ce758eb3ae8a3cc6cb38ccd6eab4fe1a5a48696574409000a7",
    "https://esm.sh/v130/lodash-es@4.17.21/esnext/get.js": "ac82bc559657fbad8c943ec214a236be0a9b479fb39e5eee7ca4f92ae041753e",
    "https://esm.sh/v130/lodash-es@4.17.21/esnext/has.js": "d2c395a25128cab832b3cf1c11d47b9596ca80abe37534961f0b05d94d13e15d",
    "https://esm.sh/v130/lodash-es@4.17.21/esnext/inRange.js": "d88c18889c18f6f029dfd5504bf0adb63d638eca939077fa430459c115a8f117",
    "https://esm.sh/v130/lodash-es@4.17.21/esnext/includes.js": "550b25fb180be73ce798a90ab8b1668ffca6c7a026ddc75398a07ab4459f83da",
    "https://esm.sh/v130/lodash-es@4.17.21/esnext/intersection.js": "c416602931ef5b832a4ebb6bd0e91b0841e027cf03b2b4fd0ca5309d72f58cab",
    "https://esm.sh/v130/lodash-es@4.17.21/esnext/invert.js": "d570621ed84bf491163b086dbcbcb2c2c0d17db19531d4791d6a49c66236712a",
    "https://esm.sh/v130/lodash-es@4.17.21/esnext/invoke.js": "15023fa793403a5d99011cf480a773b59e5b1e789eb82e42853b042654c2be0b",
    "https://esm.sh/v130/lodash-es@4.17.21/esnext/isArray.js": "9e9a0978cad146b8adb4794fda00a270b3d87dacf05f2f4aa7aa10d5b9932e60",
    "https://esm.sh/v130/lodash-es@4.17.21/esnext/isBoolean.js": "f53b0e5b243e667a8be15a64a0f0a60f19de17504c41749d47c33de0d4225b04",
    "https://esm.sh/v130/lodash-es@4.17.21/esnext/isElement.js": "293ba5b6ccb650e8019263cf327694e066ac9f003126ff4d1e48dfa1b383761b",
    "https://esm.sh/v130/lodash-es@4.17.21/esnext/isEmpty.js": "8399fb027593e2e56f1f66597aa1d53ba55811e523900f29623a1269d36f1b7b",
    "https://esm.sh/v130/lodash-es@4.17.21/esnext/isEqual.js": "e471d34ef560a884f1b7ac60100ac4093356bc09e3037b32e826db55056622e3",
    "https://esm.sh/v130/lodash-es@4.17.21/esnext/isFunction.js": "5eda07caab9e29b64ab547649a60fa1913645a02fe18dbcffc517fa607935ee4",
    "https://esm.sh/v130/lodash-es@4.17.21/esnext/isNil.js": "42583b1cf9652ef36479b1051db7b700cb4767d017cf1e5b5669bcd1f7305725",
    "https://esm.sh/v130/lodash-es@4.17.21/esnext/isNumber.js": "9ead117e297cde594f8983f3a72289dbde94019c600d57f76079fac48e27240a",
    "https://esm.sh/v130/lodash-es@4.17.21/esnext/isObject.js": "598f66159682d9b92c0487999b2c6203a8dfa15f52da27875ff3d9d7d3e9bd94",
    "https://esm.sh/v130/lodash-es@4.17.21/esnext/isPlainObject.js": "9de778a81784e192cf1feefcd1cadb22131e063f997b40285d45b8a237dd77e3",
    "https://esm.sh/v130/lodash-es@4.17.21/esnext/isString.js": "aa9d5d7f8da36a7d3227fe3835bd95fc82b7be4b90baf4fdded1ee1b049c3881",
    "https://esm.sh/v130/lodash-es@4.17.21/esnext/isUndefined.js": "465f3af42655dd234d59dfb63bda55b418d5bdf0d31a904841740e8a46981f4e",
    "https://esm.sh/v130/lodash-es@4.17.21/esnext/keyBy.js": "5623b16a7d236c33c56da04b01c2410bd7c7bf509943fe11f681bf76689e72fe",
    "https://esm.sh/v130/lodash-es@4.17.21/esnext/keys.js": "61ad1d758a4ae8220a0efd71b2aae1cd9500edaf3be32c5db97dc4d902fd2992",
    "https://esm.sh/v130/lodash-es@4.17.21/esnext/map.js": "3cc4d68d251cee5a5663cb8c74484dfa4265c9e67b00e0ed384a368adf6254cc",
    "https://esm.sh/v130/lodash-es@4.17.21/esnext/mapValues.js": "2ad54d084c932e2781d88a3c0ef4eacc184033c52443ce884cc82870a767eb31",
    "https://esm.sh/v130/lodash-es@4.17.21/esnext/memoize.js": "7e75335dece5d383c9db008fcc1615a6cb40b0c4a1f773ca0402e759621a8279",
    "https://esm.sh/v130/lodash-es@4.17.21/esnext/min.js": "ab9bfb52f4de32864c781f9fba96f7857b9f080f27c254ddd579a3fbb1612a67",
    "https://esm.sh/v130/lodash-es@4.17.21/esnext/noop.js": "a784cff7d31eaf0ad6a0168081701cf2399fc6dad962c408bcf56c11ea73a1f6",
    "https://esm.sh/v130/lodash-es@4.17.21/esnext/partialRight.js": "c7a332b2681cb35285ecfba5085a3fa9aaa87ac5806d2f814d09c13909ad5a86",
    "https://esm.sh/v130/lodash-es@4.17.21/esnext/pick.js": "00c05a6d2d3af1944765fbe9838a4bc289257db10c4dbac3ea01767d843381cc",
    "https://esm.sh/v130/lodash-es@4.17.21/esnext/pickBy.js": "0679b8b8b9c4fed6e1b139589e97cf8d10561f6dbb663e22b536f45fad79c4c7",
    "https://esm.sh/v130/lodash-es@4.17.21/esnext/range.js": "69e7342eed83ad6132a429a1cfb0ab551daa0e6c9ee381007221ada1ad0d2f5a",
    "https://esm.sh/v130/lodash-es@4.17.21/esnext/reduce.js": "38350f7453f2370d51e1a3991aecc40a6040b05c68f063ae8703215ac817b3f3",
    "https://esm.sh/v130/lodash-es@4.17.21/esnext/round.js": "54eecf5011e9dd023b1b13d64dc012f68a57f6336e9fad1cdebca6f758cafb71",
    "https://esm.sh/v130/lodash-es@4.17.21/esnext/size.js": "03f681981a1721e89fe31c419e3b80bbfda5176f82caee1b75e9575ee1948836",
    "https://esm.sh/v130/lodash-es@4.17.21/esnext/some.js": "ea558585b4f827ac2870393eb4ea3449fec8cba7194e5a0724a9ee78c6da9f6e",
    "https://esm.sh/v130/lodash-es@4.17.21/esnext/sortBy.js": "84ef44442cd0c32b80335723776d69096b9cc62fe23a6394908b6d13eab3b733",
    "https://esm.sh/v130/lodash-es@4.17.21/esnext/startCase.js": "91ef32aa0050fb33dfd110a8acce9a3883767bcc2057a66c175ef6e9cfde13b9",
    "https://esm.sh/v130/lodash-es@4.17.21/esnext/startsWith.js": "a45d9b602c14298ea0035513361d924225a03e2eb38a63fe074ca608b3cdfc05",
    "https://esm.sh/v130/lodash-es@4.17.21/esnext/sum.js": "c45a7bc839f182debb90916e4a7ad0e35381aa4470492a4d6a3657bf63658dae",
    "https://esm.sh/v130/lodash-es@4.17.21/esnext/take.js": "743f43bb534451e6d4c1b385e02e212faadc1d61a727a714dc6b2338e83cff30",
    "https://esm.sh/v130/lodash-es@4.17.21/esnext/times.js": "cf39232fb54d2eab639e00691535f0626c9ddd6ab68cabf2f7e07f78239f3216",
    "https://esm.sh/v130/lodash-es@4.17.21/esnext/transform.js": "e7cbb10ab67e4c147f8742d0e9b3b3f4532322de1cf61794ac44175736e7c442",
    "https://esm.sh/v130/lodash-es@4.17.21/esnext/trim.js": "709866b15144db2b665853eabc9a5f18487b789567b386419a4fa5a41d4c907e",
    "https://esm.sh/v130/lodash-es@4.17.21/esnext/union.js": "34833288df2008493e73333357d8d8487b6611b8ba148358dd7efb04e9392d33",
    "https://esm.sh/v130/lodash-es@4.17.21/esnext/uniq.js": "1189d9f1a37eaf2ebfae5198b33059194c0af2f0bbf73c9e786c5c7c14cc90a0",
    "https://esm.sh/v130/lodash-es@4.17.21/esnext/values.js": "1daff07e6ba482e3df211e79776792a29677d7c6c27a0fc84a45e13926aa3638",
    "https://esm.sh/v130/lodash-es@4.17.21/esnext/without.js": "f600b73f781e5f4f45d54a4f694aca745d505ff9bfeadabda09371ce9ed04787",
    "https://esm.sh/v130/prop-types@15.8.1/esnext/prop-types.mjs": "0911a8410c1d5dfb5571fdbfff9f44773e36b208a0f3206a3042fc85f168ca6e",
    "https://esm.sh/v130/react-dom@18.2.0/esnext/react-dom.mjs": "84f814ebd1517e158563cf4ae67e48d91482c1706f71c3aedc2d6824613df7ee",
    "https://esm.sh/v130/react-fast-compare@3.2.2/esnext/react-fast-compare.mjs": "9669744186a75ee52e5952a2c07a6e68edd502fe55da4ebc34a4d27bbfd3a104",
    "https://esm.sh/v130/react-is@18.2.0/esnext/react-is.mjs": "43624345d2661ea11a769047cbfc0f857566dcc8f4cb6c806a7100ed8c3dcb47",
    "https://esm.sh/v130/react-popper@2.3.0/esnext/react-popper.mjs": "4fff7bb175361b4fd70af59cd45660b28ee4f502f8e21e41e5d7e8ea23bd987e",
    "https://esm.sh/v130/react-router-dom@6.14.2/esnext/react-router-dom.mjs": "6be811d850970be99abe0e020783f697e84caeae5b32c5bb2fad1a1b9761235d",
    "https://esm.sh/v130/react-router@6.14.2/esnext/react-router.mjs": "7cc395e12da3e0f4bd8d00b72432a119f30c1064f1045fbc3c6eef6f671917c4",
    "https://esm.sh/v130/scheduler@0.23.0/esnext/scheduler.mjs": "55a646df4898a5eabbe836eb5465460130e40d40a11513b5e8d2a09c46ce04c4",
    "https://esm.sh/v130/semantic-ui-react@3.0.0-beta.0/esnext/semantic-ui-react.mjs": "32cdd60f3791bda2422fce1a5dedc4f11806761a0f3f4d291873386383dad15e",
    "https://esm.sh/v130/shallowequal@1.1.0/esnext/shallowequal.mjs": "952e4d9047ad1cf27b825417dee62552f137717ed4ade0d58a8c535a82b64637",
    "https://esm.sh/v130/warning@4.0.3/esnext/warning.mjs": "44aa30b11eac1a2ed3f9eb62b9cb923cb3db7f1eb423dcf1946d6ee07f65157f"
  }
}
