{
  "version": "2",
  "remote": {
    "https://deno.land/std@0.160.0/encoding/hex.ts": "4cc5324417cbb4ac9b828453d35aed45b9cc29506fad658f1f138d981ae33795",
    "https://deno.land/std@0.160.0/hash/_sha3/keccak.ts": "e9abd585bddf5fe7a56bccd768868dbc0a8572ea1d61f3261df02f62bdeab5e0",
    "https://deno.land/std@0.160.0/hash/_sha3/keccakf.ts": "04543f64e390561aecbc4ff4c6769d900d6ee917bcaa97c8587307742bb62546",
    "https://deno.land/std@0.160.0/hash/_sha3/sha3.ts": "3cec1b78b0fe39838c734045d1b95201273dca31c716a6576d264d1a0811ab9f",
    "https://deno.land/std@0.160.0/hash/_sha3/shake.ts": "6dec46784ee3e74192eb1b9a4204a7bd4fd915241ac1f195a85a9a338de33bc9",
    "https://deno.land/std@0.160.0/hash/_sha3/sponge.ts": "bcc2a2406fcdb31ce32e6ef7b2182d12df6929ea81cff2fb88fde0d1fe9a13e1",
    "https://deno.land/std@0.160.0/hash/sha256.ts": "aa9479c260f41b72c639f36c3e4bc9319940b5d2e52fe793ebe3dc646d12832f",
    "https://deno.land/std@0.160.0/hash/sha3.ts": "96c39329425d11f419004e15fbb0ad5bcb72dba986b81fc2338cf119f242193d",
    "https://deno.land/x/secp256k1@2.0.0/index.ts": "0836620e2b8cda7fd3a229cb4df0eebde1d8a65e4fd722680cb1c63433698ff1",
    "https://esm.sh/fp-ts@2.16.0?target=esnext&pin=v129": "11e848f0f7214e05e76cf0b99a444238c5add01c853c88d0db0dd174874e3ca2",
    "https://esm.sh/glicko2-lite@3.2.0?target=esnext&pin=v129": "934c44bc5035a6eb32bcbb75b71fd02ab57e5302c7bf1c518034787bf199689d",
    "https://esm.sh/honeycomb-grid@4.1.4?target=esnext&pin=v129": "8cd836baf9e169b0f3733b5ffac41652014b429a58c48e347ab05f439f36f1cf",
    "https://esm.sh/io-ts@2.2.20?target=esnext&pin=v129": "ec4d8d6e9a59d217ef7000cc63a9cc4137e315e1f3856d6a378e33c59bea3c32",
    "https://esm.sh/v129/fp-ts@2.16.0/denonext/lib/HKT.js": "b5ce640c5a944cd955c49fa62905127e905b4407b17285519c2e00b3b55c87fc",
    "https://esm.sh/v129/fp-ts@2.16.0/esnext/es6/Either.js": "8478a750f2ba0dec708f1a1dfc3fa7a8e1680f9b7104816d150af85ea374b2cf",
    "https://esm.sh/v129/fp-ts@2.16.0/esnext/fp-ts.mjs": "66ce44988f7a6f51426fb74d5cbce67fb9fadb526291bdbdac05d39e844594c3",
    "https://esm.sh/v129/fp-ts@2.16.0/lib/HKT": "6dd09cc193bad58eff407f2a74c84528eb083d9c58945d90d690b97f0849784c",
    "https://esm.sh/v129/glicko2-lite@3.2.0/esnext/glicko2-lite.mjs": "d9234a3110f936c969f48d22960d24c80f36db48977ac48be289e1e99171adaf",
    "https://esm.sh/v129/honeycomb-grid@4.1.4/esnext/honeycomb-grid.mjs": "cfbdaa8fbd518b0c2b994f4689bea880f286926b41f0a8d5931a49819a2ce5f4",
    "https://esm.sh/v129/io-ts@2.2.20/esnext/io-ts.mjs": "3dc3145f4a1ca25ba7341c162a681b6b9f4d5265205439f2ba7bc4203f72d6ae"
  }
}
